
Microsoft Visual Studio Solution File, Format Version 12.00
# Visual Studio 15
Project("{FAE04EC0-301F-11D3-BF4B-00C04F79EFBC}") = "Assembly-CSharp", "Assembly-CSharp.csproj", "{2D6EFE80-853E-49F3-154C-B5BDB21AC985}"
EndProject
Project("{FAE04EC0-301F-11D3-BF4B-00C04F79EFBC}") = "Assembly-CSharp-Editor", "Assembly-CSharp-Editor.csproj", "{097E481C-0D70-4FEB-75E8-F7AE523F1E4F}"
EndProject
Project("{FAE04EC0-301F-11D3-BF4B-00C04F79EFBC}") = "Unity.XR.Interaction.Toolkit.Samples.StarterAssets.Editor", "Unity.XR.Interaction.Toolkit.Samples.StarterAssets.Editor.csproj", "{2F48E78D-5219-8CC5-AE43-599AB64DC226}"
EndProject
Project("{FAE04EC0-301F-11D3-BF4B-00C04F79EFBC}") = "Unity.XR.Interaction.Toolkit.Samples.StarterAssets", "Unity.XR.Interaction.Toolkit.Samples.StarterAssets.csproj", "{385C03B7-C656-E0BA-9B9E-69247B0D17A2}"
EndProject
Global
	GlobalSection(SolutionConfigurationPlatforms) = preSolution
		Debug|Any CPU = Debug|Any CPU
		Release|Any CPU = Release|Any CPU
	EndGlobalSection
	GlobalSection(ProjectConfigurationPlatforms) = postSolution
		{2D6EFE80-853E-49F3-154C-B5BDB21AC985}.Debug|Any CPU.ActiveCfg = Debug|Any CPU
		{2D6EFE80-853E-49F3-154C-B5BDB21AC985}.Debug|Any CPU.Build.0 = Debug|Any CPU
		{2D6EFE80-853E-49F3-154C-B5BDB21AC985}.Release|Any CPU.ActiveCfg = Release|Any CPU
		{2D6EFE80-853E-49F3-154C-B5BDB21AC985}.Release|Any CPU.Build.0 = Release|Any CPU
		{097E481C-0D70-4FEB-75E8-F7AE523F1E4F}.Debug|Any CPU.ActiveCfg = Debug|Any CPU
		{097E481C-0D70-4FEB-75E8-F7AE523F1E4F}.Debug|Any CPU.Build.0 = Debug|Any CPU
		{097E481C-0D70-4FEB-75E8-F7AE523F1E4F}.Release|Any CPU.ActiveCfg = Release|Any CPU
		{097E481C-0D70-4FEB-75E8-F7AE523F1E4F}.Release|Any CPU.Build.0 = Release|Any CPU
		{2F48E78D-5219-8CC5-AE43-599AB64DC226}.Debug|Any CPU.ActiveCfg = Debug|Any CPU
		{2F48E78D-5219-8CC5-AE43-599AB64DC226}.Debug|Any CPU.Build.0 = Debug|Any CPU
		{2F48E78D-5219-8CC5-AE43-599AB64DC226}.Release|Any CPU.ActiveCfg = Release|Any CPU
		{2F48E78D-5219-8CC5-AE43-599AB64DC226}.Release|Any CPU.Build.0 = Release|Any CPU
		{385C03B7-C656-E0BA-9B9E-69247B0D17A2}.Debug|Any CPU.ActiveCfg = Debug|Any CPU
		{385C03B7-C656-E0BA-9B9E-69247B0D17A2}.Debug|Any CPU.Build.0 = Debug|Any CPU
		{385C03B7-C656-E0BA-9B9E-69247B0D17A2}.Release|Any CPU.ActiveCfg = Release|Any CPU
		{385C03B7-C656-E0BA-9B9E-69247B0D17A2}.Release|Any CPU.Build.0 = Release|Any CPU
	EndGlobalSection
	GlobalSection(SolutionProperties) = preSolution
		HideSolutionNode = FALSE
	EndGlobalSection
EndGlobal
